// !$*UTF8*$!
{
	archiveVersion = 1;
	classes = {
	};
	objectVersion = 55;
	objects = {

/* Begin PBXBuildFile section */
		2B374CF20957CAB0C1BCEA58 /* Pods_classic10.framework in Frameworks */ = {isa = PBXBuildFile; fileRef = 2F764029C3E356B32966CB77 /* Pods_classic10.framework */; };
		66125201273B7221004F8896 /* SearchBar.swift in Sources */ = {isa = PBXBuildFile; fileRef = 66125200273B7221004F8896 /* SearchBar.swift */; };
		661DE9CC2722DD0700A7A423 /* AppDelegate.swift in Sources */ = {isa = PBXBuildFile; fileRef = 661DE9CB2722DD0700A7A423 /* AppDelegate.swift */; };
		661DE9CE2722DE3000A7A423 /* DataModel.swift in Sources */ = {isa = PBXBuildFile; fileRef = 661DE9CD2722DE3000A7A423 /* DataModel.swift */; };
		661DE9D22722EEC500A7A423 /* GoogleService-Info.plist in Resources */ = {isa = PBXBuildFile; fileRef = 661DE9D12722EEC500A7A423 /* GoogleService-Info.plist */; };
		664E7D73272224EB00BB27B4 /* classic10App.swift in Sources */ = {isa = PBXBuildFile; fileRef = 664E7D72272224EB00BB27B4 /* classic10App.swift */; };
		664E7D75272224EB00BB27B4 /* ContentView.swift in Sources */ = {isa = PBXBuildFile; fileRef = 664E7D74272224EB00BB27B4 /* ContentView.swift */; };
		664E7D77272224EC00BB27B4 /* Assets.xcassets in Resources */ = {isa = PBXBuildFile; fileRef = 664E7D76272224EC00BB27B4 /* Assets.xcassets */; };
		664E7D7A272224EC00BB27B4 /* Preview Assets.xcassets in Resources */ = {isa = PBXBuildFile; fileRef = 664E7D79272224EC00BB27B4 /* Preview Assets.xcassets */; };
		6671FD2C272C1C31007E59E5 /* MainView.swift in Sources */ = {isa = PBXBuildFile; fileRef = 6671FD2B272C1C31007E59E5 /* MainView.swift */; };
		6671FD2E272C1DDF007E59E5 /* TalkModel.swift in Sources */ = {isa = PBXBuildFile; fileRef = 6671FD2D272C1DDF007E59E5 /* TalkModel.swift */; };
		6684BF2D2743C4DF00E63DE2 /* SignView.swift in Sources */ = {isa = PBXBuildFile; fileRef = 6684BF2C2743C4DF00E63DE2 /* SignView.swift */; };
		6684BF2F2743C60800E63DE2 /* AuthenticationViewModel.swift in Sources */ = {isa = PBXBuildFile; fileRef = 6684BF2E2743C60800E63DE2 /* AuthenticationViewModel.swift */; };
		6696EEB827355BE7005333EC /* Mod.swift in Sources */ = {isa = PBXBuildFile; fileRef = 6696EEB727355BE7005333EC /* Mod.swift */; };
		6696EEBA273564CB005333EC /* SwiftUIView.swift in Sources */ = {isa = PBXBuildFile; fileRef = 6696EEB9273564CB005333EC /* SwiftUIView.swift */; };
		66A4D6B9272C2ED000E25790 /* TalkView.swift in Sources */ = {isa = PBXBuildFile; fileRef = 66A4D6B8272C2ED000E25790 /* TalkView.swift */; };
		66A4D6BB272C362D00E25790 /* TalkMsg.swift in Sources */ = {isa = PBXBuildFile; fileRef = 66A4D6BA272C362D00E25790 /* TalkMsg.swift */; };
		66AC705D273AA55100983017 /* ButtonDemo.swift in Sources */ = {isa = PBXBuildFile; fileRef = 66AC705C273AA55100983017 /* ButtonDemo.swift */; };
		66AC705F273AB0D400983017 /* NavigationDemo.swift in Sources */ = {isa = PBXBuildFile; fileRef = 66AC705E273AB0D400983017 /* NavigationDemo.swift */; };
		E2A2C444275084C300F9CE32 /* TRYView.swift in Sources */ = {isa = PBXBuildFile; fileRef = E2A2C443275084C300F9CE32 /* TRYView.swift */; };
/* End PBXBuildFile section */

/* Begin PBXFileReference section */
		2F764029C3E356B32966CB77 /* Pods_classic10.framework */ = {isa = PBXFileReference; explicitFileType = wrapper.framework; includeInIndex = 0; path = Pods_classic10.framework; sourceTree = BUILT_PRODUCTS_DIR; };
		66125200273B7221004F8896 /* SearchBar.swift */ = {isa = PBXFileReference; fileEncoding = 4; lastKnownFileType = sourcecode.swift; path = SearchBar.swift; sourceTree = "<group>"; };
		661DE9CB2722DD0700A7A423 /* AppDelegate.swift */ = {isa = PBXFileReference; fileEncoding = 4; lastKnownFileType = sourcecode.swift; path = AppDelegate.swift; sourceTree = "<group>"; };
		661DE9CD2722DE3000A7A423 /* DataModel.swift */ = {isa = PBXFileReference; lastKnownFileType = sourcecode.swift; path = DataModel.swift; sourceTree = "<group>"; };
		661DE9D12722EEC500A7A423 /* GoogleService-Info.plist */ = {isa = PBXFileReference; fileEncoding = 4; lastKnownFileType = text.plist.xml; path = "GoogleService-Info.plist"; sourceTree = "<group>"; };
		664E7D6F272224EB00BB27B4 /* classic10.app */ = {isa = PBXFileReference; explicitFileType = wrapper.application; includeInIndex = 0; path = classic10.app; sourceTree = BUILT_PRODUCTS_DIR; };
		664E7D72272224EB00BB27B4 /* classic10App.swift */ = {isa = PBXFileReference; lastKnownFileType = sourcecode.swift; path = classic10App.swift; sourceTree = "<group>"; };
		664E7D74272224EB00BB27B4 /* ContentView.swift */ = {isa = PBXFileReference; lastKnownFileType = sourcecode.swift; path = ContentView.swift; sourceTree = "<group>"; };
		664E7D76272224EC00BB27B4 /* Assets.xcassets */ = {isa = PBXFileReference; lastKnownFileType = folder.assetcatalog; path = Assets.xcassets; sourceTree = "<group>"; };
		664E7D79272224EC00BB27B4 /* Preview Assets.xcassets */ = {isa = PBXFileReference; lastKnownFileType = folder.assetcatalog; path = "Preview Assets.xcassets"; sourceTree = "<group>"; };
		6671FD2B272C1C31007E59E5 /* MainView.swift */ = {isa = PBXFileReference; lastKnownFileType = sourcecode.swift; path = MainView.swift; sourceTree = "<group>"; };
		6671FD2D272C1DDF007E59E5 /* TalkModel.swift */ = {isa = PBXFileReference; lastKnownFileType = sourcecode.swift; path = TalkModel.swift; sourceTree = "<group>"; };
		6684BF2C2743C4DF00E63DE2 /* SignView.swift */ = {isa = PBXFileReference; lastKnownFileType = sourcecode.swift; path = SignView.swift; sourceTree = "<group>"; };
		6684BF2E2743C60800E63DE2 /* AuthenticationViewModel.swift */ = {isa = PBXFileReference; fileEncoding = 4; lastKnownFileType = sourcecode.swift; path = AuthenticationViewModel.swift; sourceTree = "<group>"; };
		6684BF302743CD0D00E63DE2 /* Info.plist */ = {isa = PBXFileReference; lastKnownFileType = text.plist; path = Info.plist; sourceTree = "<group>"; };
		6696EEB727355BE7005333EC /* Mod.swift */ = {isa = PBXFileReference; lastKnownFileType = sourcecode.swift; path = Mod.swift; sourceTree = "<group>"; };
		6696EEB9273564CB005333EC /* SwiftUIView.swift */ = {isa = PBXFileReference; lastKnownFileType = sourcecode.swift; path = SwiftUIView.swift; sourceTree = "<group>"; };
		66A4D6B8272C2ED000E25790 /* TalkView.swift */ = {isa = PBXFileReference; lastKnownFileType = sourcecode.swift; path = TalkView.swift; sourceTree = "<group>"; };
		66A4D6BA272C362D00E25790 /* TalkMsg.swift */ = {isa = PBXFileReference; lastKnownFileType = sourcecode.swift; path = TalkMsg.swift; sourceTree = "<group>"; };
		66AC705C273AA55100983017 /* ButtonDemo.swift */ = {isa = PBXFileReference; lastKnownFileType = sourcecode.swift; path = ButtonDemo.swift; sourceTree = "<group>"; };
		66AC705E273AB0D400983017 /* NavigationDemo.swift */ = {isa = PBXFileReference; lastKnownFileType = sourcecode.swift; path = NavigationDemo.swift; sourceTree = "<group>"; };
		83AF1B06EFF0BA1FFD25A65C /* Pods-classic10.debug.xcconfig */ = {isa = PBXFileReference; includeInIndex = 1; lastKnownFileType = text.xcconfig; name = "Pods-classic10.debug.xcconfig"; path = "Target Support Files/Pods-classic10/Pods-classic10.debug.xcconfig"; sourceTree = "<group>"; };
		E2A2C443275084C300F9CE32 /* TRYView.swift */ = {isa = PBXFileReference; lastKnownFileType = sourcecode.swift; path = TRYView.swift; sourceTree = "<group>"; };
		E642D928C6A47AA434B26BC5 /* Pods-classic10.release.xcconfig */ = {isa = PBXFileReference; includeInIndex = 1; lastKnownFileType = text.xcconfig; name = "Pods-classic10.release.xcconfig"; path = "Target Support Files/Pods-classic10/Pods-classic10.release.xcconfig"; sourceTree = "<group>"; };
/* End PBXFileReference section */

/* Begin PBXFrameworksBuildPhase section */
		664E7D6C272224EB00BB27B4 /* Frameworks */ = {
			isa = PBXFrameworksBuildPhase;
			buildActionMask = 2147483647;
			files = (
				2B374CF20957CAB0C1BCEA58 /* Pods_classic10.framework in Frameworks */,
			);
			runOnlyForDeploymentPostprocessing = 0;
		};
/* End PBXFrameworksBuildPhase section */

/* Begin PBXGroup section */
		664E7D66272224EB00BB27B4 = {
			isa = PBXGroup;
			children = (
				664E7D71272224EB00BB27B4 /* classic10 */,
				664E7D70272224EB00BB27B4 /* Products */,
				980EB0AC31D30DADAA375579 /* Pods */,
				B2EC5E6ADD4BBD170FBCDD6B /* Frameworks */,
			);
			sourceTree = "<group>";
		};
		664E7D70272224EB00BB27B4 /* Products */ = {
			isa = PBXGroup;
			children = (
				664E7D6F272224EB00BB27B4 /* classic10.app */,
			);
			name = Products;
			sourceTree = "<group>";
		};
		664E7D71272224EB00BB27B4 /* classic10 */ = {
			isa = PBXGroup;
			children = (
				6684BF302743CD0D00E63DE2 /* Info.plist */,
				6671FD2A272C1B17007E59E5 /* View */,
				6671FD28272C1AEF007E59E5 /* Model */,
				661DE9D12722EEC500A7A423 /* GoogleService-Info.plist */,
				661DE9CB2722DD0700A7A423 /* AppDelegate.swift */,
				664E7D72272224EB00BB27B4 /* classic10App.swift */,
				664E7D74272224EB00BB27B4 /* ContentView.swift */,
				661DE9CD2722DE3000A7A423 /* DataModel.swift */,
				664E7D76272224EC00BB27B4 /* Assets.xcassets */,
				664E7D78272224EC00BB27B4 /* Preview Content */,
			);
			path = classic10;
			sourceTree = "<group>";
		};
		664E7D78272224EC00BB27B4 /* Preview Content */ = {
			isa = PBXGroup;
			children = (
				664E7D79272224EC00BB27B4 /* Preview Assets.xcassets */,
			);
			path = "Preview Content";
			sourceTree = "<group>";
		};
		6671FD28272C1AEF007E59E5 /* Model */ = {
			isa = PBXGroup;
			children = (
				6671FD2D272C1DDF007E59E5 /* TalkModel.swift */,
			);
			path = Model;
			sourceTree = "<group>";
		};
		6671FD2A272C1B17007E59E5 /* View */ = {
			isa = PBXGroup;
			children = (
				6671FD2B272C1C31007E59E5 /* MainView.swift */,
				E2A2C443275084C300F9CE32 /* TRYView.swift */,
				66A4D6B8272C2ED000E25790 /* TalkView.swift */,
				66A4D6BA272C362D00E25790 /* TalkMsg.swift */,
				6696EEB727355BE7005333EC /* Mod.swift */,
				6696EEB9273564CB005333EC /* SwiftUIView.swift */,
				66AC705C273AA55100983017 /* ButtonDemo.swift */,
				66AC705E273AB0D400983017 /* NavigationDemo.swift */,
				66125200273B7221004F8896 /* SearchBar.swift */,
				6684BF2C2743C4DF00E63DE2 /* SignView.swift */,
				6684BF2E2743C60800E63DE2 /* AuthenticationViewModel.swift */,
			);
			path = View;
			sourceTree = "<group>";
		};
		980EB0AC31D30DADAA375579 /* Pods */ = {
			isa = PBXGroup;
			children = (
				83AF1B06EFF0BA1FFD25A65C /* Pods-classic10.debug.xcconfig */,
				E642D928C6A47AA434B26BC5 /* Pods-classic10.release.xcconfig */,
			);
			path = Pods;
			sourceTree = "<group>";
		};
		B2EC5E6ADD4BBD170FBCDD6B /* Frameworks */ = {
			isa = PBXGroup;
			children = (
				2F764029C3E356B32966CB77 /* Pods_classic10.framework */,
			);
			name = Frameworks;
			sourceTree = "<group>";
		};
/* End PBXGroup section */

/* Begin PBXNativeTarget section */
		664E7D6E272224EB00BB27B4 /* classic10 */ = {
			isa = PBXNativeTarget;
			buildConfigurationList = 664E7D7D272224EC00BB27B4 /* Build configuration list for PBXNativeTarget "classic10" */;
			buildPhases = (
				CE11A2AF6E2D01029297F5AD /* [CP] Check Pods Manifest.lock */,
				664E7D6B272224EB00BB27B4 /* Sources */,
				664E7D6C272224EB00BB27B4 /* Frameworks */,
				664E7D6D272224EB00BB27B4 /* Resources */,
				5E866BFE7DE4C39FCBC77BFA /* [CP] Embed Pods Frameworks */,
			);
			buildRules = (
			);
			dependencies = (
			);
			name = classic10;
			productName = classic10;
			productReference = 664E7D6F272224EB00BB27B4 /* classic10.app */;
			productType = "com.apple.product-type.application";
		};
/* End PBXNativeTarget section */

/* Begin PBXProject section */
		664E7D67272224EB00BB27B4 /* Project object */ = {
			isa = PBXProject;
			attributes = {
				BuildIndependentTargetsInParallel = 1;
				LastSwiftUpdateCheck = 1300;
				LastUpgradeCheck = 1300;
				TargetAttributes = {
					664E7D6E272224EB00BB27B4 = {
						CreatedOnToolsVersion = 13.0;
					};
				};
			};
			buildConfigurationList = 664E7D6A272224EB00BB27B4 /* Build configuration list for PBXProject "classic10" */;
			compatibilityVersion = "Xcode 13.0";
			developmentRegion = en;
			hasScannedForEncodings = 0;
			knownRegions = (
				en,
				Base,
			);
			mainGroup = 664E7D66272224EB00BB27B4;
			productRefGroup = 664E7D70272224EB00BB27B4 /* Products */;
			projectDirPath = "";
			projectRoot = "";
			targets = (
				664E7D6E272224EB00BB27B4 /* classic10 */,
			);
		};
/* End PBXProject section */

/* Begin PBXResourcesBuildPhase section */
		664E7D6D272224EB00BB27B4 /* Resources */ = {
			isa = PBXResourcesBuildPhase;
			buildActionMask = 2147483647;
			files = (
				664E7D7A272224EC00BB27B4 /* Preview Assets.xcassets in Resources */,
				664E7D77272224EC00BB27B4 /* Assets.xcassets in Resources */,
				661DE9D22722EEC500A7A423 /* GoogleService-Info.plist in Resources */,
			);
			runOnlyForDeploymentPostprocessing = 0;
		};
/* End PBXResourcesBuildPhase section */

/* Begin PBXShellScriptBuildPhase section */
		5E866BFE7DE4C39FCBC77BFA /* [CP] Embed Pods Frameworks */ = {
			isa = PBXShellScriptBuildPhase;
			buildActionMask = 2147483647;
			files = (
			);
			inputFileListPaths = (
				"${PODS_ROOT}/Target Support Files/Pods-classic10/Pods-classic10-frameworks-${CONFIGURATION}-input-files.xcfilelist",
			);
			name = "[CP] Embed Pods Frameworks";
			outputFileListPaths = (
				"${PODS_ROOT}/Target Support Files/Pods-classic10/Pods-classic10-frameworks-${CONFIGURATION}-output-files.xcfilelist",
			);
			runOnlyForDeploymentPostprocessing = 0;
			shellPath = /bin/sh;
			shellScript = "\"${PODS_ROOT}/Target Support Files/Pods-classic10/Pods-classic10-frameworks.sh\"\n";
			showEnvVarsInLog = 0;
		};
		CE11A2AF6E2D01029297F5AD /* [CP] Check Pods Manifest.lock */ = {
			isa = PBXShellScriptBuildPhase;
			buildActionMask = 2147483647;
			files = (
			);
			inputFileListPaths = (
			);
			inputPaths = (
				"${PODS_PODFILE_DIR_PATH}/Podfile.lock",
				"${PODS_ROOT}/Manifest.lock",
			);
			name = "[CP] Check Pods Manifest.lock";
			outputFileListPaths = (
			);
			outputPaths = (
				"$(DERIVED_FILE_DIR)/Pods-classic10-checkManifestLockResult.txt",
			);
			runOnlyForDeploymentPostprocessing = 0;
			shellPath = /bin/sh;
			shellScript = "diff \"${PODS_PODFILE_DIR_PATH}/Podfile.lock\" \"${PODS_ROOT}/Manifest.lock\" > /dev/null\nif [ $? != 0 ] ; then\n    # print error to STDERR\n    echo \"error: The sandbox is not in sync with the Podfile.lock. Run 'pod install' or update your CocoaPods installation.\" >&2\n    exit 1\nfi\n# This output is used by Xcode 'outputs' to avoid re-running this script phase.\necho \"SUCCESS\" > \"${SCRIPT_OUTPUT_FILE_0}\"\n";
			showEnvVarsInLog = 0;
		};
/* End PBXShellScriptBuildPhase section */

/* Begin PBXSourcesBuildPhase section */
		664E7D6B272224EB00BB27B4 /* Sources */ = {
			isa = PBXSourcesBuildPhase;
			buildActionMask = 2147483647;
			files = (
				66125201273B7221004F8896 /* SearchBar.swift in Sources */,
				6696EEB827355BE7005333EC /* Mod.swift in Sources */,
				E2A2C444275084C300F9CE32 /* TRYView.swift in Sources */,
				66A4D6B9272C2ED000E25790 /* TalkView.swift in Sources */,
				661DE9CC2722DD0700A7A423 /* AppDelegate.swift in Sources */,
				661DE9CE2722DE3000A7A423 /* DataModel.swift in Sources */,
				6696EEBA273564CB005333EC /* SwiftUIView.swift in Sources */,
				6684BF2F2743C60800E63DE2 /* AuthenticationViewModel.swift in Sources */,
				66A4D6BB272C362D00E25790 /* TalkMsg.swift in Sources */,
				664E7D75272224EB00BB27B4 /* ContentView.swift in Sources */,
				6671FD2C272C1C31007E59E5 /* MainView.swift in Sources */,
				6684BF2D2743C4DF00E63DE2 /* SignView.swift in Sources */,
				66AC705F273AB0D400983017 /* NavigationDemo.swift in Sources */,
				664E7D73272224EB00BB27B4 /* classic10App.swift in Sources */,
				66AC705D273AA55100983017 /* ButtonDemo.swift in Sources */,
				6671FD2E272C1DDF007E59E5 /* TalkModel.swift in Sources */,
			);
			runOnlyForDeploymentPostprocessing = 0;
		};
/* End PBXSourcesBuildPhase section */

/* Begin XCBuildConfiguration section */
		664E7D7B272224EC00BB27B4 /* Debug */ = {
			isa = XCBuildConfiguration;
			buildSettings = {
				ALWAYS_SEARCH_USER_PATHS = NO;
				CLANG_ANALYZER_NONNULL = YES;
				CLANG_ANALYZER_NUMBER_OBJECT_CONVERSION = YES_AGGRESSIVE;
				CLANG_CXX_LANGUAGE_STANDARD = "gnu++17";
				CLANG_CXX_LIBRARY = "libc++";
				CLANG_ENABLE_MODULES = YES;
				CLANG_ENABLE_OBJC_ARC = YES;
				CLANG_ENABLE_OBJC_WEAK = YES;
				CLANG_WARN_BLOCK_CAPTURE_AUTORELEASING = YES;
				CLANG_WARN_BOOL_CONVERSION = YES;
				CLANG_WARN_COMMA = YES;
				CLANG_WARN_CONSTANT_CONVERSION = YES;
				CLANG_WARN_DEPRECATED_OBJC_IMPLEMENTATIONS = YES;
				CLANG_WARN_DIRECT_OBJC_ISA_USAGE = YES_ERROR;
				CLANG_WARN_DOCUMENTATION_COMMENTS = YES;
				CLANG_WARN_EMPTY_BODY = YES;
				CLANG_WARN_ENUM_CONVERSION = YES;
				CLANG_WARN_INFINITE_RECURSION = YES;
				CLANG_WARN_INT_CONVERSION = YES;
				CLANG_WARN_NON_LITERAL_NULL_CONVERSION = YES;
				CLANG_WARN_OBJC_IMPLICIT_RETAIN_SELF = YES;
				CLANG_WARN_OBJC_LITERAL_CONVERSION = YES;
				CLANG_WARN_OBJC_ROOT_CLASS = YES_ERROR;
				CLANG_WARN_QUOTED_INCLUDE_IN_FRAMEWORK_HEADER = YES;
				CLANG_WARN_RANGE_LOOP_ANALYSIS = YES;
				CLANG_WARN_STRICT_PROTOTYPES = YES;
				CLANG_WARN_SUSPICIOUS_MOVE = YES;
				CLANG_WARN_UNGUARDED_AVAILABILITY = YES_AGGRESSIVE;
				CLANG_WARN_UNREACHABLE_CODE = YES;
				CLANG_WARN__DUPLICATE_METHOD_MATCH = YES;
				COPY_PHASE_STRIP = NO;
				DEBUG_INFORMATION_FORMAT = dwarf;
				ENABLE_STRICT_OBJC_MSGSEND = YES;
				ENABLE_TESTABILITY = YES;
				GCC_C_LANGUAGE_STANDARD = gnu11;
				GCC_DYNAMIC_NO_PIC = NO;
				GCC_NO_COMMON_BLOCKS = YES;
				GCC_OPTIMIZATION_LEVEL = 0;
				GCC_PREPROCESSOR_DEFINITIONS = (
					"DEBUG=1",
					"$(inherited)",
				);
				GCC_WARN_64_TO_32_BIT_CONVERSION = YES;
				GCC_WARN_ABOUT_RETURN_TYPE = YES_ERROR;
				GCC_WARN_UNDECLARED_SELECTOR = YES;
				GCC_WARN_UNINITIALIZED_AUTOS = YES_AGGRESSIVE;
				GCC_WARN_UNUSED_FUNCTION = YES;
				GCC_WARN_UNUSED_VARIABLE = YES;
				IPHONEOS_DEPLOYMENT_TARGET = 15.0;
				MTL_ENABLE_DEBUG_INFO = INCLUDE_SOURCE;
				MTL_FAST_MATH = YES;
				ONLY_ACTIVE_ARCH = YES;
				SDKROOT = iphoneos;
				SWIFT_ACTIVE_COMPILATION_CONDITIONS = DEBUG;
				SWIFT_OPTIMIZATION_LEVEL = "-Onone";
			};
			name = Debug;
		};
		664E7D7C272224EC00BB27B4 /* Release */ = {
			isa = XCBuildConfiguration;
			buildSettings = {
				ALWAYS_SEARCH_USER_PATHS = NO;
				CLANG_ANALYZER_NONNULL = YES;
				CLANG_ANALYZER_NUMBER_OBJECT_CONVERSION = YES_AGGRESSIVE;
				CLANG_CXX_LANGUAGE_STANDARD = "gnu++17";
				CLANG_CXX_LIBRARY = "libc++";
				CLANG_ENABLE_MODULES = YES;
				CLANG_ENABLE_OBJC_ARC = YES;
				CLANG_ENABLE_OBJC_WEAK = YES;
				CLANG_WARN_BLOCK_CAPTURE_AUTORELEASING = YES;
				CLANG_WARN_BOOL_CONVERSION = YES;
				CLANG_WARN_COMMA = YES;
				CLANG_WARN_CONSTANT_CONVERSION = YES;
				CLANG_WARN_DEPRECATED_OBJC_IMPLEMENTATIONS = YES;
				CLANG_WARN_DIRECT_OBJC_ISA_USAGE = YES_ERROR;
				CLANG_WARN_DOCUMENTATION_COMMENTS = YES;
				CLANG_WARN_EMPTY_BODY = YES;
				CLANG_WARN_ENUM_CONVERSION = YES;
				CLANG_WARN_INFINITE_RECURSION = YES;
				CLANG_WARN_INT_CONVERSION = YES;
				CLANG_WARN_NON_LITERAL_NULL_CONVERSION = YES;
				CLANG_WARN_OBJC_IMPLICIT_RETAIN_SELF = YES;
				CLANG_WARN_OBJC_LITERAL_CONVERSION = YES;
				CLANG_WARN_OBJC_ROOT_CLASS = YES_ERROR;
				CLANG_WARN_QUOTED_INCLUDE_IN_FRAMEWORK_HEADER = YES;
				CLANG_WARN_RANGE_LOOP_ANALYSIS = YES;
				CLANG_WARN_STRICT_PROTOTYPES = YES;
				CLANG_WARN_SUSPICIOUS_MOVE = YES;
				CLANG_WARN_UNGUARDED_AVAILABILITY = YES_AGGRESSIVE;
				CLANG_WARN_UNREACHABLE_CODE = YES;
				CLANG_WARN__DUPLICATE_METHOD_MATCH = YES;
				COPY_PHASE_STRIP = NO;
				DEBUG_INFORMATION_FORMAT = "dwarf-with-dsym";
				ENABLE_NS_ASSERTIONS = NO;
				ENABLE_STRICT_OBJC_MSGSEND = YES;
				GCC_C_LANGUAGE_STANDARD = gnu11;
				GCC_NO_COMMON_BLOCKS = YES;
				GCC_WARN_64_TO_32_BIT_CONVERSION = YES;
				GCC_WARN_ABOUT_RETURN_TYPE = YES_ERROR;
				GCC_WARN_UNDECLARED_SELECTOR = YES;
				GCC_WARN_UNINITIALIZED_AUTOS = YES_AGGRESSIVE;
				GCC_WARN_UNUSED_FUNCTION = YES;
				GCC_WARN_UNUSED_VARIABLE = YES;
				IPHONEOS_DEPLOYMENT_TARGET = 15.0;
				MTL_ENABLE_DEBUG_INFO = NO;
				MTL_FAST_MATH = YES;
				SDKROOT = iphoneos;
				SWIFT_COMPILATION_MODE = wholemodule;
				SWIFT_OPTIMIZATION_LEVEL = "-O";
				VALIDATE_PRODUCT = YES;
			};
			name = Release;
		};
		664E7D7E272224EC00BB27B4 /* Debug */ = {
			isa = XCBuildConfiguration;
			baseConfigurationReference = 83AF1B06EFF0BA1FFD25A65C /* Pods-classic10.debug.xcconfig */;
			buildSettings = {
				ASSETCATALOG_COMPILER_APPICON_NAME = AppIcon;
				ASSETCATALOG_COMPILER_GLOBAL_ACCENT_COLOR_NAME = AccentColor;
				CODE_SIGN_STYLE = Automatic;
				CURRENT_PROJECT_VERSION = 1;
				DEVELOPMENT_ASSET_PATHS = "\"classic10/Preview Content\"";
				DEVELOPMENT_TEAM = ELR2YX4DKY;
				ENABLE_PREVIEWS = YES;
				GENERATE_INFOPLIST_FILE = YES;
				INFOPLIST_FILE = classic10/Info.plist;
				INFOPLIST_KEY_UIApplicationSceneManifest_Generation = YES;
				INFOPLIST_KEY_UIApplicationSupportsIndirectInputEvents = YES;
				INFOPLIST_KEY_UILaunchScreen_Generation = YES;
				INFOPLIST_KEY_UISupportedInterfaceOrientations_iPad = "UIInterfaceOrientationPortrait UIInterfaceOrientationPortraitUpsideDown UIInterfaceOrientationLandscapeLeft UIInterfaceOrientationLandscapeRight";
				INFOPLIST_KEY_UISupportedInterfaceOrientations_iPhone = "UIInterfaceOrientationPortrait UIInterfaceOrientationLandscapeLeft UIInterfaceOrientationLandscapeRight";
				IPHONEOS_DEPLOYMENT_TARGET = 14.0;
				LD_RUNPATH_SEARCH_PATHS = (
					"$(inherited)",
					"@executable_path/Frameworks",
				);
				MARKETING_VERSION = 1.0;
				PRODUCT_BUNDLE_IDENTIFIER = app.cherrystudio.classic10;
				PRODUCT_NAME = classic10;
				SWIFT_EMIT_LOC_STRINGS = YES;
				SWIFT_VERSION = 5.0;
				TARGETED_DEVICE_FAMILY = "1,2";
			};
			name = Debug;
		};
		664E7D7F272224EC00BB27B4 /* Release */ = {
			isa = XCBuildConfiguration;
			baseConfigurationReference = E642D928C6A47AA434B26BC5 /* Pods-classic10.release.xcconfig */;
			buildSettings = {
				ASSETCATALOG_COMPILER_APPICON_NAME = AppIcon;
				ASSETCATALOG_COMPILER_GLOBAL_ACCENT_COLOR_NAME = AccentColor;
				CODE_SIGN_STYLE = Automatic;
				CURRENT_PROJECT_VERSION = 1;
				DEVELOPMENT_ASSET_PATHS = "\"classic10/Preview Content\"";
				DEVELOPMENT_TEAM = ELR2YX4DKY;
				ENABLE_PREVIEWS = YES;
				GENERATE_INFOPLIST_FILE = YES;
				INFOPLIST_FILE = classic10/Info.plist;
				INFOPLIST_KEY_UIApplicationSceneManifest_Generation = YES;
				INFOPLIST_KEY_UIApplicationSupportsIndirectInputEvents = YES;
				INFOPLIST_KEY_UILaunchScreen_Generation = YES;
				INFOPLIST_KEY_UISupportedInterfaceOrientations_iPad = "UIInterfaceOrientationPortrait UIInterfaceOrientationPortraitUpsideDown UIInterfaceOrientationLandscapeLeft UIInterfaceOrientationLandscapeRight";
				INFOPLIST_KEY_UISupportedInterfaceOrientations_iPhone = "UIInterfaceOrientationPortrait UIInterfaceOrientationLandscapeLeft UIInterfaceOrientationLandscapeRight";
				IPHONEOS_DEPLOYMENT_TARGET = 14.0;
				LD_RUNPATH_SEARCH_PATHS = (
					"$(inherited)",
					"@executable_path/Frameworks",
				);
				MARKETING_VERSION = 1.0;
				PRODUCT_BUNDLE_IDENTIFIER = app.cherrystudio.classic10;
				PRODUCT_NAME = classic10;
				SWIFT_EMIT_LOC_STRINGS = YES;
				SWIFT_VERSION = 5.0;
				TARGETED_DEVICE_FAMILY = "1,2";
			};
			name = Release;
		};
/* End XCBuildConfiguration section */

/* Begin XCConfigurationList section */
		664E7D6A272224EB00BB27B4 /* Build configuration list for PBXProject "classic10" */ = {
			isa = XCConfigurationList;
			buildConfigurations = (
				664E7D7B272224EC00BB27B4 /* Debug */,
				664E7D7C272224EC00BB27B4 /* Release */,
			);
			defaultConfigurationIsVisible = 0;
			defaultConfigurationName = Release;
		};
		664E7D7D272224EC00BB27B4 /* Build configuration list for PBXNativeTarget "classic10" */ = {
			isa = XCConfigurationList;
			buildConfigurations = (
				664E7D7E272224EC00BB27B4 /* Debug */,
				664E7D7F272224EC00BB27B4 /* Release */,
			);
			defaultConfigurationIsVisible = 0;
			defaultConfigurationName = Release;
		};
/* End XCConfigurationList section */
	};
	rootObject = 664E7D67272224EB00BB27B4 /* Project object */;
}
